
Microsoft Visual Studio Solution File, Format Version 12.00
# Visual Studio Version 17
VisualStudioVersion = 17.9.34714.143
MinimumVisualStudioVersion = 10.0.40219.1
Project("{FAE04EC0-301F-11D3-BF4B-00C04F79EFBC}") = "Examen1", "Examen1.csproj", "{3B423DD3-E397-4193-9E44-28CF5F2D045D}"
EndProject
Global
	GlobalSection(SolutionConfigurationPlatforms) = preSolution
		Debug|Any CPU = Debug|Any CPU
		Release|Any CPU = Release|Any CPU
	EndGlobalSection
	GlobalSection(ProjectConfigurationPlatforms) = postSolution
		{3B423DD3-E397-4193-9E44-28CF5F2D045D}.Debug|Any CPU.ActiveCfg = Debug|Any CPU
		{3B423DD3-E397-4193-9E44-28CF5F2D045D}.Debug|Any CPU.Build.0 = Debug|Any CPU
		{3B423DD3-E397-4193-9E44-28CF5F2D045D}.Release|Any CPU.ActiveCfg = Release|Any CPU
		{3B423DD3-E397-4193-9E44-28CF5F2D045D}.Release|Any CPU.Build.0 = Release|Any CPU
	EndGlobalSection
	GlobalSection(SolutionProperties) = preSolution
		HideSolutionNode = FALSE
	EndGlobalSection
	GlobalSection(ExtensibilityGlobals) = postSolution
		SolutionGuid = {2873EA16-708E-4F7F-BA08-0EB82CA11E5C}
	EndGlobalSection
EndGlobal
